
Microsoft Visual Studio Solution File, Format Version 12.00
# Visual Studio 15
VisualStudioVersion = 15.0.26020.0
MinimumVisualStudioVersion = 10.0.40219.1
Project("{9A19103F-16F7-4668-BE54-9A1E7A4F7556}") = "TupleExtensions", "src\TupleExtensions\TupleExtensions.csproj", "{577849D9-EF61-45C1-9A14-C24540896CA8}"
EndProject
Project("{2150E333-8FDC-42A3-9474-1A3956D46DE8}") = "src", "src", "{B99E9F21-6757-4374-930C-39B338B29C2D}"
EndProject
Global
	GlobalSection(SolutionConfigurationPlatforms) = preSolution
		Debug|Any CPU = Debug|Any CPU
		Debug|x64 = Debug|x64
		Debug|x86 = Debug|x86
		Release|Any CPU = Release|Any CPU
		Release|x64 = Release|x64
		Release|x86 = Release|x86
	EndGlobalSection
	GlobalSection(ProjectConfigurationPlatforms) = postSolution
		{577849D9-EF61-45C1-9A14-C24540896CA8}.Debug|Any CPU.ActiveCfg = Debug|Any CPU
		{577849D9-EF61-45C1-9A14-C24540896CA8}.Debug|Any CPU.Build.0 = Debug|Any CPU
		{577849D9-EF61-45C1-9A14-C24540896CA8}.Debug|x64.ActiveCfg = Debug|x64
		{577849D9-EF61-45C1-9A14-C24540896CA8}.Debug|x64.Build.0 = Debug|x64
		{577849D9-EF61-45C1-9A14-C24540896CA8}.Debug|x86.ActiveCfg = Debug|x86
		{577849D9-EF61-45C1-9A14-C24540896CA8}.Debug|x86.Build.0 = Debug|x86
		{577849D9-EF61-45C1-9A14-C24540896CA8}.Release|Any CPU.ActiveCfg = Release|Any CPU
		{577849D9-EF61-45C1-9A14-C24540896CA8}.Release|Any CPU.Build.0 = Release|Any CPU
		{577849D9-EF61-45C1-9A14-C24540896CA8}.Release|x64.ActiveCfg = Release|x64
		{577849D9-EF61-45C1-9A14-C24540896CA8}.Release|x64.Build.0 = Release|x64
		{577849D9-EF61-45C1-9A14-C24540896CA8}.Release|x86.ActiveCfg = Release|x86
		{577849D9-EF61-45C1-9A14-C24540896CA8}.Release|x86.Build.0 = Release|x86
	EndGlobalSection
	GlobalSection(SolutionProperties) = preSolution
		HideSolutionNode = FALSE
	EndGlobalSection
	GlobalSection(NestedProjects) = preSolution
		{577849D9-EF61-45C1-9A14-C24540896CA8} = {B99E9F21-6757-4374-930C-39B338B29C2D}
	EndGlobalSection
EndGlobal
